# This file was autogenerated by Stack.
# You should not edit this file by hand.
# For more information, please see the documentation at:
#   https://docs.haskellstack.org/en/stable/lock_files

packages:
- completed:
    size: 1501880
    subdir: morpheus-graphql-client
    url: https://github.com/morpheusgraphql/morpheus-graphql/archive/90f62b6e58c40b2d1c963d4cd89d0d60470ad855.tar.gz
    name: morpheus-graphql-client
    version: 0.18.0
    sha256: 26c36317ee3c3e6badb6bec0000e4b3c4637535f7a27f5b5ce80be01a772c822
    pantry-tree:
      size: 3788
      sha256: 928b9590d208e53d5c43d2530dc260560ad8535f5c236f413c3de1343769a263
  original:
    subdir: morpheus-graphql-client
    url: https://github.com/morpheusgraphql/morpheus-graphql/archive/90f62b6e58c40b2d1c963d4cd89d0d60470ad855.tar.gz
- completed:
    size: 1501880
    subdir: morpheus-graphql-code-gen
    url: https://github.com/morpheusgraphql/morpheus-graphql/archive/90f62b6e58c40b2d1c963d4cd89d0d60470ad855.tar.gz
    name: morpheus-graphql-code-gen
    version: 0.18.0
    sha256: 26c36317ee3c3e6badb6bec0000e4b3c4637535f7a27f5b5ce80be01a772c822
    pantry-tree:
      size: 1563
      sha256: 51e90e6cc64637db87f1171d93afe74f1fdc5c362fffd1ad01c0a35c98bfd5c4
  original:
    subdir: morpheus-graphql-code-gen
    url: https://github.com/morpheusgraphql/morpheus-graphql/archive/90f62b6e58c40b2d1c963d4cd89d0d60470ad855.tar.gz
- completed:
    size: 1501880
    subdir: morpheus-graphql-core
    url: https://github.com/morpheusgraphql/morpheus-graphql/archive/90f62b6e58c40b2d1c963d4cd89d0d60470ad855.tar.gz
    name: morpheus-graphql-core
    version: 0.18.0
    sha256: 26c36317ee3c3e6badb6bec0000e4b3c4637535f7a27f5b5ce80be01a772c822
    pantry-tree:
      size: 21701
      sha256: 3d60dc44db7e79b147937daebd0a021d256a1bd7962621700cadcaf421044b9d
  original:
    subdir: morpheus-graphql-core
    url: https://github.com/morpheusgraphql/morpheus-graphql/archive/90f62b6e58c40b2d1c963d4cd89d0d60470ad855.tar.gz
- completed:
    size: 41057
    url: https://github.com/mrkkrp/req/archive/480e357a7a970e872b735b86cdd7f3c67d871a2f.tar.gz
    name: req
    version: 3.9.2
    sha256: 9fd64fa828c5d18577287be6c35af5fd89f86a0c60fb06911265253e306886da
    pantry-tree:
      size: 827
      sha256: 42b21193639aa42051bd18e7f3eaf82d02a52b24bb7977746b6014ec61aaa8fd
  original:
    url: https://github.com/mrkkrp/req/archive/480e357a7a970e872b735b86cdd7f3c67d871a2f.tar.gz
- completed:
    hackage: aeson-2.0.2.0@sha256:5720fffb7289366029f2b7940e9f8b22a1b4c282f0cef4710685b1d14d76bdc7,6327
    pantry-tree:
      size: 37910
      sha256: 6de8e70acd5ed455ac33d7496e8dbf994067f1f845dd420e7256623b2a8dee8b
  original:
    hackage: aeson-2.0.2.0@sha256:5720fffb7289366029f2b7940e9f8b22a1b4c282f0cef4710685b1d14d76bdc7,6327
- completed:
    hackage: authenticate-oauth-1.7@sha256:8b8fec4342c5e57d2d238fed44e8890f09a759fc05f13b980ae32f940b35cad0,1588
    pantry-tree:
      size: 399
      sha256: 1b3bcfd04d5cca0a4f9a32128c4f9301a2ee2980a145492dc09dbe1433395764
  original:
    hackage: authenticate-oauth-1.7@sha256:8b8fec4342c5e57d2d238fed44e8890f09a759fc05f13b980ae32f940b35cad0,1588
- completed:
    hackage: blaze-builder-0.4.2.2@sha256:fad6d2b2f60de413ad57fcd68011b2261d2f9f2b9cccea5a3225c85b545fbb3c,3680
    pantry-tree:
      size: 3102
      sha256: a1210a9e1edc557a78b78ded011ca58a67a521f4c1970ec485cdf905c794c230
  original:
    hackage: blaze-builder-0.4.2.2@sha256:fad6d2b2f60de413ad57fcd68011b2261d2f9f2b9cccea5a3225c85b545fbb3c,3680
- completed:
    hackage: case-insensitive-1.2.1.0@sha256:9dfd3171fc7698cf8d931727d3af3a7b389135b583e46b5adac1f9d2026fff61,2244
    pantry-tree:
      size: 688
      sha256: d6f175b17eacce002fc5336c17e119d989bd97f8ad9702446163c9e27c7c79b7
  original:
    hackage: case-insensitive-1.2.1.0@sha256:9dfd3171fc7698cf8d931727d3af3a7b389135b583e46b5adac1f9d2026fff61,2244
- completed:
    hackage: connection-0.3.1@sha256:65da1c055610095733bcd228d85dff80804b23a5d18fede994a0f9fcd1b0c121,1554
    pantry-tree:
      size: 386
      sha256: 13a2c21049e69068e4c3d725533d94729772f2d3e05f5ef611bef28363b08798
  original:
    hackage: connection-0.3.1@sha256:65da1c055610095733bcd228d85dff80804b23a5d18fede994a0f9fcd1b0c121,1554
- completed:
    hackage: hashable-1.4.0.1@sha256:0251ad5228be07909a385152a3ff634fac1f892611f89904aea5c5e7af411e5d,4790
    pantry-tree:
      size: 1248
      sha256: abd289fe989e99d3b40a27e68f727cf6c6ba192906b436ab0c69850c26d1876f
  original:
    hackage: hashable-1.4.0.1@sha256:0251ad5228be07909a385152a3ff634fac1f892611f89904aea5c5e7af411e5d,4790
- completed:
    size: 24030
    url: https://github.com/fizruk/http-api-data/archive/0f8f195303f76e5dff1073bda4ebd9065675e7a6.tar.gz
    name: http-api-data
    version: 0.4.3
    sha256: 230632caea6410b1a9ba0153e2a07f584c8ce1f454d88bc72697147d2634e698
    pantry-tree:
      size: 1168
      sha256: d12bf41a9aa71f9e33e27982ec690296e966f6265313403cafc134ce421456a0
  original:
    url: https://github.com/fizruk/http-api-data/archive/0f8f195303f76e5dff1073bda4ebd9065675e7a6.tar.gz
- completed:
    hackage: http-client-0.7.9@sha256:4fe29d5ed114a61de32be77858af386dbb30cda8852aff4a9e30ccc351ae3b86,5400
    pantry-tree:
      size: 2459
      sha256: b27ca0bb7e408e02e98591bc7c44efb6e1da7f936ff58c1ae67d59475a2cbc1a
  original:
    hackage: http-client-0.7.9@sha256:4fe29d5ed114a61de32be77858af386dbb30cda8852aff4a9e30ccc351ae3b86,5400
- completed:
    hackage: http-client-tls-0.3.5.3@sha256:c97c3d88e6318a3056e42e2cd0913d5c4bff381f83341bb6ff06865fd12c8b52,2066
    pantry-tree:
      size: 435
      sha256: b19e23dc469491661e9d1a40a9ba65ce745d4fd0143d4f9f7be824c8a5e2cee8
  original:
    hackage: http-client-tls-0.3.5.3@sha256:c97c3d88e6318a3056e42e2cd0913d5c4bff381f83341bb6ff06865fd12c8b52,2066
- completed:
    hackage: http-types-0.12.3@sha256:f35229edb1bc7b3ae27f961b2407dadb5bfa69d43a8f5337ab46cdc79ca4afe9,2035
    pantry-tree:
      size: 833
      sha256: c9b77e1ba204fffbe4e1be80412bc48e47440a07e4b7db4cdc77d573a3e21b9a
  original:
    hackage: http-types-0.12.3@sha256:f35229edb1bc7b3ae27f961b2407dadb5bfa69d43a8f5337ab46cdc79ca4afe9,2035
- completed:
    hackage: megaparsec-9.2.0@sha256:0c272aa13b9f663dbd7b74ef81e9b1f9f05cafde50f5362ce87ffd4913046e0b,3213
    pantry-tree:
      size: 1518
      sha256: 7ca5da73a72d6242375e6bf16f6868e16f5f7f02dd27a0ff12cf7a9422cf2c71
  original:
    hackage: megaparsec-9.2.0@sha256:0c272aa13b9f663dbd7b74ef81e9b1f9f05cafde50f5362ce87ffd4913046e0b,3213
- completed:
    size: 27915
    url: https://github.com/mrkkrp/modern-uri/archive/dd1544cd253f5762cf50a51a7069efbda6ca3a9e.tar.gz
    name: modern-uri
    version: 0.3.4.2
    sha256: 1ed4670d80a61386cb471ac135aeb7b9e428227667ab2ba57e8e49239a95923e
    pantry-tree:
      size: 1291
      sha256: 03000b8f58866525723f8671e7bdbcea988813b25ee83575e30821f4dd330b63
  original:
    url: https://github.com/mrkkrp/modern-uri/archive/dd1544cd253f5762cf50a51a7069efbda6ca3a9e.tar.gz
- completed:
    hackage: monad-control-1.0.3.1@sha256:2d657279839e1a760c86a69f00f0c36473ef6972d413ec0f83a40249c70e098e,2365
    pantry-tree:
      size: 292
      sha256: f6b2e10b7ad03cbc2bd1df28543c9d514d54bd39833e318b48e5f0998d876df5
  original:
    hackage: monad-control-1.0.3.1@sha256:2d657279839e1a760c86a69f00f0c36473ef6972d413ec0f83a40249c70e098e,2365
- completed:
    hackage: optparse-applicative-0.16.1.0@sha256:418c22ed6a19124d457d96bc66bd22c93ac22fad0c7100fe4972bbb4ac989731,4982
    pantry-tree:
      size: 2979
      sha256: dd092d843091c08691485d68a1908517079b1bc6f3d73928f37635a19dc27fc1
  original:
    hackage: optparse-applicative-0.16.1.0@sha256:418c22ed6a19124d457d96bc66bd22c93ac22fad0c7100fe4972bbb4ac989731,4982
- completed:
    hackage: prettyprinter-1.7.1@sha256:9c43c9d8c3cd9f445596e5a2379574bba87f935a4d1fa41b5407ee3cf4edc743,6987
    pantry-tree:
      size: 3460
      sha256: cd6f393bf7cba603a1958a139915fc343efd5488e36fd7b3b5c6956c002d04fa
  original:
    hackage: prettyprinter-1.7.1@sha256:9c43c9d8c3cd9f445596e5a2379574bba87f935a4d1fa41b5407ee3cf4edc743,6987
- completed:
    size: 531037
    url: https://github.com/kowainik/relude/archive/8f7e3a3be033fe11dbd00ebcf5cd7b00d1e459b6.tar.gz
    name: relude
    version: 1.0.0.1
    sha256: 19326729baabeaa35944779789c94442be471856ebe3ac3cffc543c4bc01219e
    pantry-tree:
      size: 4976
      sha256: b8525a37d0a6d553153e81814571c1214e792890e3d79252bc292f4795c94f62
  original:
    url: https://github.com/kowainik/relude/archive/8f7e3a3be033fe11dbd00ebcf5cd7b00d1e459b6.tar.gz
- completed:
    hackage: retry-0.9.0.0@sha256:28239b8a5db9651d6e9c928c93e3b5f548c5afc4948fe97081f465c4b6ce5207,2189
    pantry-tree:
      size: 433
      sha256: f6fb1572b3368239bc609f431de1465bc25672aefb252a0bc3d174b14e8a5c37
  original:
    hackage: retry-0.9.0.0@sha256:28239b8a5db9651d6e9c928c93e3b5f548c5afc4948fe97081f465c4b6ce5207,2189
- completed:
    hackage: scientific-0.3.7.0@sha256:d7edb4dfb320e7b9cc9d503ca435d22983a236db06c7b4f3e81c099a9fd4cd73,4809
    pantry-tree:
      size: 657
      sha256: 7b09735385193ba6ba4cdbc9ccd2aa60989a5c913df439da23e0a87ca60576ee
  original:
    hackage: scientific-0.3.7.0@sha256:d7edb4dfb320e7b9cc9d503ca435d22983a236db06c7b4f3e81c099a9fd4cd73,4809
- completed:
    hackage: th-lift-instances-0.1.18@sha256:4439beb99d2e0f1f3fac8adf182d9462220b77b148511124d09c0375cb590863,2608
    pantry-tree:
      size: 526
      sha256: 7ff54c873a8af2ba7b0fa0359d30d75e794d72e1bd67ea48fa838eabda2aee05
  original:
    hackage: th-lift-instances-0.1.18@sha256:4439beb99d2e0f1f3fac8adf182d9462220b77b148511124d09c0375cb590863,2608
- completed:
    hackage: transformers-base-0.4.6@sha256:6f18f320e371c8954c4b6b211e2fdd5d15a6d6310bd605b9d640f47ede408961,1643
    pantry-tree:
      size: 275
      sha256: 6c2d24a9678865e2a5f4b6286cb17228673a6987fb546bf07b89ffbd19716ad2
  original:
    hackage: transformers-base-0.4.6@sha256:6f18f320e371c8954c4b6b211e2fdd5d15a6d6310bd605b9d640f47ede408961,1643
- completed:
    hackage: unliftio-core-0.2.0.1@sha256:f9abcdd3f3d28e4840563efb7b8760d2de9b5707bcd6f53a87f6a0d77bb5a9f7,1082
    pantry-tree:
      size: 328
      sha256: 9955bc1336dd07c94928892f1a97aed6e5fe63a4242f089a0efd2e95174490ea
  original:
    hackage: unliftio-core-0.2.0.1@sha256:f9abcdd3f3d28e4840563efb7b8760d2de9b5707bcd6f53a87f6a0d77bb5a9f7,1082
- completed:
    hackage: unordered-containers-0.2.15.0@sha256:7e84950317c31e9c33f11e6338c1dcc9be0141ff696cf5249985c4625b9e144a,5217
    pantry-tree:
      size: 1316
      sha256: c81c3ba43b0f5588128c657312a845ec520449026aa8c0f68027534219afa078
  original:
    hackage: unordered-containers-0.2.15.0@sha256:7e84950317c31e9c33f11e6338c1dcc9be0141ff696cf5249985c4625b9e144a,5217
- completed:
    hackage: vector-0.12.3.1@sha256:040210919e5ce454dcee3320f77803da3dbda579c8428dc25ff0155732234808,7946
    pantry-tree:
      size: 3842
      sha256: 00cfcd768c02740343ecf67de4542f30a4ebbbd7200849a22271b35965837fef
  original:
    hackage: vector-0.12.3.1@sha256:040210919e5ce454dcee3320f77803da3dbda579c8428dc25ff0155732234808,7946
- completed:
    hackage: OneTuple-0.3.1@sha256:a848c096c9d29e82ffdd30a9998aa2931cbccb3a1bc137539d80f6174d31603e,2262
    pantry-tree:
      size: 506
      sha256: a685b08622f1fe0641e4f228a290878a1db4f7ef3eb63d00b10e8632097d1e6f
  original:
    hackage: OneTuple-0.3.1@sha256:a848c096c9d29e82ffdd30a9998aa2931cbccb3a1bc137539d80f6174d31603e,2262
- completed:
    hackage: QuickCheck-2.14.2@sha256:4ce29211223d5e6620ebceba34a3ca9ccf1c10c0cf387d48aea45599222ee5aa,7736
    pantry-tree:
      size: 2315
      sha256: 2fe423d0ed7cd64f0f165d708779f48814e66c4f181c568468134af55d86a5f8
  original:
    hackage: QuickCheck-2.14.2@sha256:4ce29211223d5e6620ebceba34a3ca9ccf1c10c0cf387d48aea45599222ee5aa,7736
- completed:
    hackage: RSA-2.4.1@sha256:b52a764965cd10756646cc39eadcbc566e131181a75f2a13c621697f4b06d76b,2467
    pantry-tree:
      size: 403
      sha256: 2c55aa07193c51560d597aae6ec7dffbf95e977ca1bbdbb6ae9106068330264f
  original:
    hackage: RSA-2.4.1@sha256:b52a764965cd10756646cc39eadcbc566e131181a75f2a13c621697f4b06d76b,2467
- completed:
    hackage: SHA-1.6.4.4@sha256:3b7523df3e2186ae8c5ac78c745efb586814afe9c775b886a747556d9f4d429c,4920
    pantry-tree:
      size: 326
      sha256: c03bb11d42a31b3d371761f0b48adc4ca8ed43393c37130a2de788db02d090ae
  original:
    hackage: SHA-1.6.4.4@sha256:3b7523df3e2186ae8c5ac78c745efb586814afe9c775b886a747556d9f4d429c,4920
- completed:
    hackage: ansi-wl-pprint-0.6.9@sha256:212144ea0623b1170807a4162db05d87f26cf10b334aeadd0edb377aba06a1ce,2425
    pantry-tree:
      size: 472
      sha256: 0a2390ba39c3b84f68e382cb25b58cea66d61a89dab818bb5e2a6c12642e2e21
  original:
    hackage: ansi-wl-pprint-0.6.9@sha256:212144ea0623b1170807a4162db05d87f26cf10b334aeadd0edb377aba06a1ce,2425
- completed:
    hackage: attoparsec-0.14.2@sha256:72b358dcd8ad9079612dd1da1602c53ce85a79cb415aa53c841e6081585ce082,5985
    pantry-tree:
      size: 5305
      sha256: c5ac0a5f878c729cbdf46d2d7927926e08063e4591cd627d219f8eeb52f884f9
  original:
    hackage: attoparsec-0.14.2@sha256:72b358dcd8ad9079612dd1da1602c53ce85a79cb415aa53c841e6081585ce082,5985
- completed:
    hackage: attoparsec-iso8601-1.0.2.0@sha256:52323093d4f204dc3317393acdc187bb46a74256804e4bbaee2a594e4b605cce,1664
    pantry-tree:
      size: 301
      sha256: e94dea05efe03431e78020c8287049e900ac122b6d4ba994a5e7f6c2d80154e2
  original:
    hackage: attoparsec-iso8601-1.0.2.0@sha256:52323093d4f204dc3317393acdc187bb46a74256804e4bbaee2a594e4b605cce,1664
- completed:
    hackage: base-compat-0.12.1@sha256:20e50848d9dfee1523fafe8950060b04fae43d402c15553da5c7cacd116f7846,6960
    pantry-tree:
      size: 9038
      sha256: 2f2c14615443954f117613d77835234b598718e611fb4cf4522e01980bf1bcbd
  original:
    hackage: base-compat-0.12.1@sha256:20e50848d9dfee1523fafe8950060b04fae43d402c15553da5c7cacd116f7846,6960
- completed:
    hackage: base-compat-batteries-0.12.1@sha256:ee819d7570b2fda1012d29db945a1778c388ef8c0c282e45c8fe4eae7616a25c,8891
    pantry-tree:
      size: 11169
      sha256: 64edb51a988b4a362f0ba4172ad4e3d140ee69129dd68a4d08004fe506cc09ae
  original:
    hackage: base-compat-batteries-0.12.1@sha256:ee819d7570b2fda1012d29db945a1778c388ef8c0c282e45c8fe4eae7616a25c,8891
- completed:
    hackage: base-orphans-0.8.6@sha256:eb6758d0160d607e0c45dbd6b196f515b9a589fd4f6d2f926929dd5d56282d37,3175
    pantry-tree:
      size: 1272
      sha256: f889d6903383305688e6e703982bfdc985649b7d4538429e44f98f99d8f73c07
  original:
    hackage: base-orphans-0.8.6@sha256:eb6758d0160d607e0c45dbd6b196f515b9a589fd4f6d2f926929dd5d56282d37,3175
- completed:
    hackage: base64-bytestring-1.2.1.0@sha256:50ec0e229255d4c45cbdd568da011311b8887f304b931564886016f4984334d8,2396
    pantry-tree:
      size: 850
      sha256: 1154783dd163be45502456716ca44c4244d0aa6e7cf1aa4e7763efb3485a509c
  original:
    hackage: base64-bytestring-1.2.1.0@sha256:50ec0e229255d4c45cbdd568da011311b8887f304b931564886016f4984334d8,2396
- completed:
    size: 306459
    subdir: basement
    url: https://github.com/haskell-foundation/foundation/archive/0bb195e1fea06d144dafc5af9a0ff79af0a5f4a0.tar.gz
    name: basement
    version: 0.0.12
    sha256: 8dc96f5dc1b42c907e5fedf5b78c2f7c0b0ea1edb40e506bfc99cbfdda0d3539
    pantry-tree:
      size: 5928
      sha256: 5f1af5468f8271a286b006226858c0ab76bb2447e9cbe7e7cbadffeab4a59fd4
  original:
    subdir: basement
    url: https://github.com/haskell-foundation/foundation/archive/0bb195e1fea06d144dafc5af9a0ff79af0a5f4a0.tar.gz
- completed:
    hackage: contravariant-1.5.5@sha256:470ed0e040e879e2da4af1b2c8f94e199f6135852a8107858d5ae0a95365835f,3041
    pantry-tree:
      size: 652
      sha256: 9eb62fea28548dc8a0f60fd47c12843092b78b24ed771b8ad63a0bb34dba8bc4
  original:
    hackage: contravariant-1.5.5@sha256:470ed0e040e879e2da4af1b2c8f94e199f6135852a8107858d5ae0a95365835f,3041
- completed:
    hackage: cookie-0.4.5@sha256:22bbe2bea34cfc546eaca2468386035fec521b8dbae52f5aa2f994ed68b35e0e,1448
    pantry-tree:
      size: 360
      sha256: 60ea383838fb35f55265cbf84905a8f17434bb498f90d691621cbd2156da43e4
  original:
    hackage: cookie-0.4.5@sha256:22bbe2bea34cfc546eaca2468386035fec521b8dbae52f5aa2f994ed68b35e0e,1448
- completed:
    hackage: crypto-pubkey-types-0.4.3@sha256:9bcf9ec7045f1043edac2b8331d9120bc055083578dbd953a3cccfc7452d9e8c,1053
    pantry-tree:
      size: 500
      sha256: c9825900454e9bc64c2e421d701da2bfe66ad9cd0c26ead2133bf082597aec36
  original:
    hackage: crypto-pubkey-types-0.4.3@sha256:9bcf9ec7045f1043edac2b8331d9120bc055083578dbd953a3cccfc7452d9e8c,1053
- completed:
    size: 638902
    url: https://github.com/haskell-crypto/cryptonite/archive/3b081e3ad027b0550fc87f171dffecbb20dedafe.tar.gz
    name: cryptonite
    version: '0.29'
    sha256: 9ac43c0194562b624475cb99f3568779baadcf6ae652a03c815a838a5d31b0eb
    pantry-tree:
      size: 24851
      sha256: 139a1368d5e64f673ce60e5ae008e61fd9fed7f1d3acc9cd9e0bc6cca8278cff
  original:
    url: https://github.com/haskell-crypto/cryptonite/archive/3b081e3ad027b0550fc87f171dffecbb20dedafe.tar.gz
- completed:
    hackage: data-default-0.7.1.1@sha256:2804e8d14f521a1edee88b68b66347448e7f3b685868290fdc55930e4471f5a9,645
    pantry-tree:
      size: 212
      sha256: 1db0dcb6890feff1b87ea180a4c4a0611cda399a700822bd75970a2b7ad02dbc
  original:
    hackage: data-default-0.7.1.1@sha256:2804e8d14f521a1edee88b68b66347448e7f3b685868290fdc55930e4471f5a9,645
- completed:
    hackage: data-default-class-0.1.2.0@sha256:63e62120b7efd733a5a17cf59ceb43268e9a929c748127172d7d42f4a336e327,542
    pantry-tree:
      size: 224
      sha256: 5017630b11698aefa65fc61cab84a257ce97833c968d425e1b2d53d6c3b5c096
  original:
    hackage: data-default-class-0.1.2.0@sha256:63e62120b7efd733a5a17cf59ceb43268e9a929c748127172d7d42f4a336e327,542
- completed:
    hackage: data-fix-0.3.2@sha256:e909776381648a75e82438a40df33c05397b57119b80bb83e38189370319b67a,1692
    pantry-tree:
      size: 262
      sha256: 327440e3a8d6c69617f67d49e3904c8d4b69558ea9f92f7856658b930ee64717
  original:
    hackage: data-fix-0.3.2@sha256:e909776381648a75e82438a40df33c05397b57119b80bb83e38189370319b67a,1692
- completed:
    hackage: dlist-1.0@sha256:124cb3aa1decebd5171b46601b1f74cca6cfae12d266ace3799b86dd05ef7cb4,3560
    pantry-tree:
      size: 953
      sha256: 8467afe9c94b2756e5703fed0950b51418bd877acbdd72e9dc3488b8f28f4e82
  original:
    hackage: dlist-1.0@sha256:124cb3aa1decebd5171b46601b1f74cca6cfae12d266ace3799b86dd05ef7cb4,3560
- completed:
    hackage: indexed-traversable-0.1.2@sha256:d66228887242f93ccb4fc7101a1e25a6560c8e4708f6e9ee1d3dd21901756c65,2519
    pantry-tree:
      size: 495
      sha256: 7edfd8672d45016089df7227d9f6452117632a7236d4e71b24a2a1041cab4701
  original:
    hackage: indexed-traversable-0.1.2@sha256:d66228887242f93ccb4fc7101a1e25a6560c8e4708f6e9ee1d3dd21901756c65,2519
- completed:
    hackage: integer-logarithms-1.0.3.1@sha256:b65e11ec6f4b29c5278716da0544b951a49ab5310608df0fc41eec29f15691d9,3229
    pantry-tree:
      size: 865
      sha256: 804c8c0d77470f84640ee70c66155f770798e295c0a0572e41d071f69e24ca4e
  original:
    hackage: integer-logarithms-1.0.3.1@sha256:b65e11ec6f4b29c5278716da0544b951a49ab5310608df0fc41eec29f15691d9,3229
- completed:
    hackage: iproute-1.7.12@sha256:85d181599fab8ceebf4c849110ad571bea2834d6c8c95ae7da33856c42453f40,2999
    pantry-tree:
      size: 962
      sha256: 0f4179868c6f644d7ba8d4d6ccaefd13ae17ff1cd188c924ef4c2db40d1c4f02
  original:
    hackage: iproute-1.7.12@sha256:85d181599fab8ceebf4c849110ad571bea2834d6c8c95ae7da33856c42453f40,2999
- completed:
    size: 44894
    url: https://github.com/vincenthz/hs-memory/archive/3cf661a8a9a8ac028df77daa88e8d65c55a3347a.tar.gz
    name: memory
    version: 0.16.0
    sha256: dbfa72fc4aef871725254e0365cdd6589277440bc1f2c20df08d3ea24600dc13
    pantry-tree:
      size: 2819
      sha256: 0edf661bab420ffb43689afbb649cb69d49fc817c0f20007767da9b60cb6657e
  original:
    url: https://github.com/vincenthz/hs-memory/archive/3cf661a8a9a8ac028df77daa88e8d65c55a3347a.tar.gz
- completed:
    hackage: mime-types-0.1.0.9@sha256:d631fe56daed713ec7798933aaa1429dc9912d85375619aa6e25a0fefe8e95e7,826
    pantry-tree:
      size: 311
      sha256: 5cf87fbc920b9d268dde4964e91baac137708fdbdcf80e2bd6f23812a09d97f0
  original:
    hackage: mime-types-0.1.0.9@sha256:d631fe56daed713ec7798933aaa1429dc9912d85375619aa6e25a0fefe8e95e7,826
- completed:
    hackage: network-3.1.2.5@sha256:433a5e076aaa8eb3e4158abae78fb409c6bd754e9af99bc2e87583d2bcd8404a,4888
    pantry-tree:
      size: 3971
      sha256: 957e4dbb988f47164c821807297a6020c1108cd3265582ac2aa9292708cb62c9
  original:
    hackage: network-3.1.2.5@sha256:433a5e076aaa8eb3e4158abae78fb409c6bd754e9af99bc2e87583d2bcd8404a,4888
- completed:
    hackage: network-uri-2.6.4.1@sha256:a4765164ed0a2d1668446eb2e03460ce98645fbf083598c690846af79b7de10d,2936
    pantry-tree:
      size: 551
      sha256: 68ccb16e252378b2ee6da3e076f6eb55dd7928f0d4dd8beb1969433e9bf6f549
  original:
    hackage: network-uri-2.6.4.1@sha256:a4765164ed0a2d1668446eb2e03460ce98645fbf083598c690846af79b7de10d,2936
- completed:
    hackage: parser-combinators-1.3.0@sha256:edd54ba56cbae8fadbcceebcfef31b2c70a835e92e5eda41151b939c40647281,1570
    pantry-tree:
      size: 795
      sha256: 0754c8d3f213156877f8085da2ad74433167a6c30272b8b64119a2628bd7ade0
  original:
    hackage: parser-combinators-1.3.0@sha256:edd54ba56cbae8fadbcceebcfef31b2c70a835e92e5eda41151b939c40647281,1570
- completed:
    hackage: primitive-0.7.3.0@sha256:6b28a1c0572f5ca50597ba8388aeade21515842969ae192cdc6bfca81367bf56,2951
    pantry-tree:
      size: 1655
      sha256: 4dd118201091c04a138a25e262ab61e8e64e811832eadd8b6b39d56504dfe045
  original:
    hackage: primitive-0.7.3.0@sha256:6b28a1c0572f5ca50597ba8388aeade21515842969ae192cdc6bfca81367bf56,2951
- completed:
    hackage: profunctors-5.6.2@sha256:3d3685119243a7ebf984fa6af03299d156ab7674a432e2e15ecee2a4fd420fb6,2483
    pantry-tree:
      size: 1588
      sha256: 2a839845b75d600ab5a51c582a740de87805f794caa5836b6a16250d9b535789
  original:
    hackage: profunctors-5.6.2@sha256:3d3685119243a7ebf984fa6af03299d156ab7674a432e2e15ecee2a4fd420fb6,2483
- completed:
    hackage: random-1.2.1@sha256:8bee24dc0c985a90ee78d94c61f8aed21c49633686f0f1c14c5078d818ee43a2,6598
    pantry-tree:
      size: 1528
      sha256: 8bdc994ce41f43624ab42302a881fe5a0f81d965f5d238841e24943664681a06
  original:
    hackage: random-1.2.1@sha256:8bee24dc0c985a90ee78d94c61f8aed21c49633686f0f1c14c5078d818ee43a2,6598
- completed:
    hackage: reflection-2.1.6@sha256:f41afef54a696377bb7591e12969a56e7a4a1cf1d2a32210ab24c6a7aa9bd7ae,4116
    pantry-tree:
      size: 1062
      sha256: 3d40dd538ec28c67f9c08c69199d6c4848cf9d0898092d45add9d006f00d788c
  original:
    hackage: reflection-2.1.6@sha256:f41afef54a696377bb7591e12969a56e7a4a1cf1d2a32210ab24c6a7aa9bd7ae,4116
- completed:
    hackage: semialign-1.2.0.1@sha256:0e179b4d3a8eff79001d374d6c91917c6221696b9620f0a4d86852fc6a9b9501,2836
    pantry-tree:
      size: 537
      sha256: 635bbbb517f0c063a4bc2e9e6efdb0e598b9d9fd467f52df81ab3a4af1fd923b
  original:
    hackage: semialign-1.2.0.1@sha256:0e179b4d3a8eff79001d374d6c91917c6221696b9620f0a4d86852fc6a9b9501,2836
- completed:
    hackage: socks-0.6.1@sha256:ac190808eea704672df18f702e8f2ad0b7a4d0af528e95ee55ea6ee0be672e2a,1258
    pantry-tree:
      size: 692
      sha256: 53d29c06c42e737ae99660e077c7c4b286f1272b3394ad7f74163867a5b3b8fa
  original:
    hackage: socks-0.6.1@sha256:ac190808eea704672df18f702e8f2ad0b7a4d0af528e95ee55ea6ee0be672e2a,1258
- completed:
    hackage: streaming-commons-0.2.2.3@sha256:e4540748a6ab78a9e486a2b22d3d0d47097bf4b7ce9ba9a0b23b8c7e479bd077,4751
    pantry-tree:
      size: 2947
      sha256: 62079e66eac2652f342337896384ed16773e93196b05fa330a645ff0e159c323
  original:
    hackage: streaming-commons-0.2.2.3@sha256:e4540748a6ab78a9e486a2b22d3d0d47097bf4b7ce9ba9a0b23b8c7e479bd077,4751
- completed:
    hackage: strict-0.4.0.1@sha256:ca6fba3bd2ddc0b70f31286192aa36359a99f1c0cd50e821ffc37bee772fd68f,4170
    pantry-tree:
      size: 654
      sha256: ec6ce31880d5684c9362928dbbdfed5d0bc205edcb966fad6cde4872df237adf
  original:
    hackage: strict-0.4.0.1@sha256:ca6fba3bd2ddc0b70f31286192aa36359a99f1c0cd50e821ffc37bee772fd68f,4170
- completed:
    hackage: tagged-0.8.6.1@sha256:29c67d98a4404607f024750ab9c7210dadcbbef4e1944c48c52902f2071b2662,2874
    pantry-tree:
      size: 496
      sha256: 4548d4f2d43e25a182ac6f5da34364c4a41a1da88468c671445a0bf2a70c130c
  original:
    hackage: tagged-0.8.6.1@sha256:29c67d98a4404607f024750ab9c7210dadcbbef4e1944c48c52902f2071b2662,2874
- completed:
    hackage: text-short-0.1.4@sha256:2c4789148650fdd624b7f7cabfd28b12e4130f1905eb6e3650d4d56d7db42f23,3575
    pantry-tree:
      size: 727
      sha256: 6165735a26a99b116b0a51c86ab8a36db85acaef9892d2ce9e16d986bd7dc5ba
  original:
    hackage: text-short-0.1.4@sha256:2c4789148650fdd624b7f7cabfd28b12e4130f1905eb6e3650d4d56d7db42f23,3575
- completed:
    hackage: th-abstraction-0.4.3.0@sha256:db4b3b69398acd8a7c5c8cc8a962da55d65d05d44d5039b51bd3cb5fb3d8400f,2148
    pantry-tree:
      size: 670
      sha256: cd2d3fd020b3c6b415e41c71b60999ca7dd14918b056e15e090f640cba1feed8
  original:
    hackage: th-abstraction-0.4.3.0@sha256:db4b3b69398acd8a7c5c8cc8a962da55d65d05d44d5039b51bd3cb5fb3d8400f,2148
- completed:
    hackage: th-lift-0.8.2@sha256:955f3ad62b202d2ff37a616d2155ad9ce30879c7c63edab1f1ec69d757d70ed1,2677
    pantry-tree:
      size: 543
      sha256: 9901527aedddd60372e970df215a9f5604fde3dd355e07633bf9ccc07e3e7b03
  original:
    hackage: th-lift-0.8.2@sha256:955f3ad62b202d2ff37a616d2155ad9ce30879c7c63edab1f1ec69d757d70ed1,2677
- completed:
    hackage: these-1.1.1.1@sha256:f069e766b8fed73d457fca20cc197f5c539bcdd03d7636e478ddf14dbb67684a,2748
    pantry-tree:
      size: 351
      sha256: 09a71077d04df022d79d341f69eb5dad8e8e103839b51f21a28920bba1e1ad9f
  original:
    hackage: these-1.1.1.1@sha256:f069e766b8fed73d457fca20cc197f5c539bcdd03d7636e478ddf14dbb67684a,2748
- completed:
    hackage: time-compat-1.9.6.1@sha256:42d8f2e08e965e1718917d54ad69e1d06bd4b87d66c41dc7410f59313dba4ed1,5033
    pantry-tree:
      size: 4113
      sha256: b262c5ae8d72d2073d12e1de1863abd234fad8c138df28f32bb51bc232ced608
  original:
    hackage: time-compat-1.9.6.1@sha256:42d8f2e08e965e1718917d54ad69e1d06bd4b87d66c41dc7410f59313dba4ed1,5033
- completed:
    hackage: tls-1.5.5@sha256:f6681d6624071211edd509a8f56e0c96b4f003bb349b7dc706d4333775a373c5,6996
    pantry-tree:
      size: 4897
      sha256: 6400901a8f8ddd0c7d2fb30c95857753a654a60a63fcec38aab4a08b23e0984f
  original:
    hackage: tls-1.5.5@sha256:f6681d6624071211edd509a8f56e0c96b4f003bb349b7dc706d4333775a373c5,6996
- completed:
    hackage: transformers-compat-0.7.1@sha256:03534fcfd4a6026d415b0e19d2a48d6ccb639e809db0cd41f313bc771a887a9b,5602
    pantry-tree:
      size: 1724
      sha256: 62a237717ebb6337a8ca3b446a1fa3075fd0e5136384e00760f702064eda9c0f
  original:
    hackage: transformers-compat-0.7.1@sha256:03534fcfd4a6026d415b0e19d2a48d6ccb639e809db0cd41f313bc771a887a9b,5602
- completed:
    hackage: uuid-types-1.0.5@sha256:7ce4768b13546080c6c28a843b8d050927dda1a1732e7014db558518284cc39a,2591
    pantry-tree:
      size: 480
      sha256: 88536a05ad489620e48aac8d19f43ec0ec836808e62eab64e95cbd033473b0bd
  original:
    hackage: uuid-types-1.0.5@sha256:7ce4768b13546080c6c28a843b8d050927dda1a1732e7014db558518284cc39a,2591
- completed:
    hackage: witherable-0.4.2@sha256:81fd3b1e56e6d8c5b1acdbed06d49c72186902f7400139152afd70e37ad956d2,2285
    pantry-tree:
      size: 384
      sha256: 9249e2860d2d03f1d4b2204ee996eeeed836cfcfc426512742cc0e07f96fd407
  original:
    hackage: witherable-0.4.2@sha256:81fd3b1e56e6d8c5b1acdbed06d49c72186902f7400139152afd70e37ad956d2,2285
- completed:
    hackage: x509-1.7.5@sha256:01185a9a17bee4e89287d9e32bfaa673133cf2b09a39759627bed1f72ea528fd,2305
    pantry-tree:
      size: 1072
      sha256: 42cc162fbe2221555fb4d91e3de6699bc7731887c2c0e01ad79c8bf6ade988d9
  original:
    hackage: x509-1.7.5@sha256:01185a9a17bee4e89287d9e32bfaa673133cf2b09a39759627bed1f72ea528fd,2305
- completed:
    hackage: x509-store-1.6.7@sha256:a707b2f4ba3c02ebacd7ecd19e9f0c0b211b58270329c2c775a2c1df26820212,1781
    pantry-tree:
      size: 398
      sha256: 583026f9af3752de292e672472de40d4cddde83d6ec2cb72b896c1eea3dc1da3
  original:
    hackage: x509-store-1.6.7@sha256:a707b2f4ba3c02ebacd7ecd19e9f0c0b211b58270329c2c775a2c1df26820212,1781
- completed:
    hackage: x509-system-1.6.6@sha256:3a1b9cc26715d7cb3cd1a3f8b6153f12c2d42187ac5df305c3973c78a061db05,1418
    pantry-tree:
      size: 391
      sha256: f787ec9fe9d4ae10b1e28821bfc07e711755a043a4fafc74a0c6bedaab40f488
  original:
    hackage: x509-system-1.6.6@sha256:3a1b9cc26715d7cb3cd1a3f8b6153f12c2d42187ac5df305c3973c78a061db05,1418
- completed:
    hackage: x509-validation-1.6.11@sha256:7798c62717265a395f1092e6ad576f64b7876c289bb84353bddc0bb5a66c6b26,2169
    pantry-tree:
      size: 631
      sha256: 5a2bdfefa3438eff100c556fa55232b2de64badb832c614cade1ca147f215715
  original:
    hackage: x509-validation-1.6.11@sha256:7798c62717265a395f1092e6ad576f64b7876c289bb84353bddc0bb5a66c6b26,2169
- completed:
    hackage: StateVar-1.2.2@sha256:3c022c00485fe165e3080d5da6b3ca9c9b02f62c5deebc584d1b3d1309ce673e,1673
    pantry-tree:
      size: 314
      sha256: 204cac98219e99334f47b12c565945611748ea03a4d629273dd697d738bcfd7f
  original:
    hackage: StateVar-1.2.2@sha256:3c022c00485fe165e3080d5da6b3ca9c9b02f62c5deebc584d1b3d1309ce673e,1673
- completed:
    hackage: ansi-terminal-0.11.1@sha256:e8428fcd5fe9d4e8a796a0c8107b7288a0a93ffaa8d761cf51f803384284bd77,3321
    pantry-tree:
      size: 1461
      sha256: 766e3636d5d638f5c451b7384ca08907622ac7ecae643df75497b53f09c97ac2
  original:
    hackage: ansi-terminal-0.11.1@sha256:e8428fcd5fe9d4e8a796a0c8107b7288a0a93ffaa8d761cf51f803384284bd77,3321
- completed:
    hackage: appar-0.1.8@sha256:a5d529bacbb74d566e4c5f9479af0637eac5957705f6db4d2670517489795de8,1070
    pantry-tree:
      size: 506
      sha256: c8bae7bc8c04b6c3593b48f19f1d626face90832f268f6857aba934bccd4272d
  original:
    hackage: appar-0.1.8@sha256:a5d529bacbb74d566e4c5f9479af0637eac5957705f6db4d2670517489795de8,1070
- completed:
    hackage: asn1-encoding-0.9.6@sha256:27ed8f6043aed79630313bb931f7c8e2b510f0b4586cd55c16ae040c7d1ea098,2060
    pantry-tree:
      size: 981
      sha256: 09963511234ed8fdd0682b10e8366de5105cc513d4daa014d7990496b788b122
  original:
    hackage: asn1-encoding-0.9.6@sha256:27ed8f6043aed79630313bb931f7c8e2b510f0b4586cd55c16ae040c7d1ea098,2060
- completed:
    hackage: asn1-parse-0.9.5@sha256:77c0126d63070df2d82cb4cfa4febb26c4e280f6d854bc778c2fa4d80ce692b8,976
    pantry-tree:
      size: 212
      sha256: 2a6766aa05af5b045ff2d097b5f99621f983d471e254079ef4e56acff26b2248
  original:
    hackage: asn1-parse-0.9.5@sha256:77c0126d63070df2d82cb4cfa4febb26c4e280f6d854bc778c2fa4d80ce692b8,976
- completed:
    hackage: asn1-types-0.3.4@sha256:8e879b3a5bbdd0031232eb84d904b5a3a2c20a18847692b996d774f4ff811355,1025
    pantry-tree:
      size: 525
      sha256: 254adba538008f12853e83b8909ba11ef11e9b8bcb1edc3a97dc6fdb29dad45a
  original:
    hackage: asn1-types-0.3.4@sha256:8e879b3a5bbdd0031232eb84d904b5a3a2c20a18847692b996d774f4ff811355,1025
- completed:
    hackage: assoc-1.0.2@sha256:e0d9d1febc172e2a1b22aacd25df7f90be557dcf12ff87359f43128f8c194d9e,1237
    pantry-tree:
      size: 290
      sha256: 760f0aa60d4beb6a893ae9f73f64f5e93dc4414487bc0c8dfa33dadffd338de9
  original:
    hackage: assoc-1.0.2@sha256:e0d9d1febc172e2a1b22aacd25df7f90be557dcf12ff87359f43128f8c194d9e,1237
- completed:
    hackage: async-2.2.4@sha256:b83dec34a53520de84c6dd3dc7aae45d22409b46eb471c478b98108215a370f0,3095
    pantry-tree:
      size: 501
      sha256: 08b8a9f8d2e27d51b04fb9c14f65e1209c7f24160d2a4557963900edb2c0f07d
  original:
    hackage: async-2.2.4@sha256:b83dec34a53520de84c6dd3dc7aae45d22409b46eb471c478b98108215a370f0,3095
- completed:
    hackage: bifunctors-5.5.11@sha256:cc425ee85aae56dba1123baf6fb3fa7abcd90782f26bb904eef14c7332ee85f6,3919
    pantry-tree:
      size: 1758
      sha256: d3f0fdcd108e771b5cb68ee068c9a8637494e0c513f0845124798cc9dcdd11f0
  original:
    hackage: bifunctors-5.5.11@sha256:cc425ee85aae56dba1123baf6fb3fa7abcd90782f26bb904eef14c7332ee85f6,3919
- completed:
    hackage: byteorder-1.0.4@sha256:a952817dcbe20af0346fb55a28c13e95e2ddbf3e99f9b4fffdc063f150f13b20,636
    pantry-tree:
      size: 212
      sha256: 1544dc41983f7fe963740d9a8ce2aec1daef17bcb0916fda253dbfa73a14c77a
  original:
    hackage: byteorder-1.0.4@sha256:a952817dcbe20af0346fb55a28c13e95e2ddbf3e99f9b4fffdc063f150f13b20,636
- completed:
    hackage: cereal-0.5.8.2@sha256:046ab07bfe82770e209a2ef57382171c88f7a194d020b768b7d8131299c7f023,2767
    pantry-tree:
      size: 641
      sha256: cc17ff449ff10e7b9c66f9c7ffc6cf9866acdd537f847a49c5a2ac10d49f502b
  original:
    hackage: cereal-0.5.8.2@sha256:046ab07bfe82770e209a2ef57382171c88f7a194d020b768b7d8131299c7f023,2767
- completed:
    hackage: comonad-5.0.8@sha256:1f1aabd73ec7f80f20cf078a748a60cd48d8e57277802fdf6a9ab3601a9b8f7e,3631
    pantry-tree:
      size: 1618
      sha256: 394660fe7fa4127e5a181890bce28b9fcd6eb180ba25aa5566bc8b5bdd385517
  original:
    hackage: comonad-5.0.8@sha256:1f1aabd73ec7f80f20cf078a748a60cd48d8e57277802fdf6a9ab3601a9b8f7e,3631
- completed:
    hackage: crypto-api-0.13.3@sha256:e572c0cdc58ba6773ea200ea5261d6bf5fc116d910b52cf1c671d85b940ed6fc,2366
    pantry-tree:
      size: 903
      sha256: 73b31229fc38562b8eec3cb5f7ad828a44bf7820bf3196c9113d64ad13578fc1
  original:
    hackage: crypto-api-0.13.3@sha256:e572c0cdc58ba6773ea200ea5261d6bf5fc116d910b52cf1c671d85b940ed6fc,2366
- completed:
    hackage: data-default-instances-containers-0.0.1@sha256:6e1f4b28028a3bc455aaf4b5a9104b71ea72cff78b1b8041863df7afd1a8deb3,527
    pantry-tree:
      size: 254
      sha256: 3e61b45fb5aa231cff29025b1d36561d7d6b17fa91cdddd15d854615a3fe1ae0
  original:
    hackage: data-default-instances-containers-0.0.1@sha256:6e1f4b28028a3bc455aaf4b5a9104b71ea72cff78b1b8041863df7afd1a8deb3,527
- completed:
    hackage: data-default-instances-dlist-0.0.1@sha256:4286abacbb256c392907701be16986a6e07f2beaf2778e7bd925465655d9e301,507
    pantry-tree:
      size: 244
      sha256: 705ebc2408e66631dac47e400fd963deaefe8a55de662b5f1950c47a590632ce
  original:
    hackage: data-default-instances-dlist-0.0.1@sha256:4286abacbb256c392907701be16986a6e07f2beaf2778e7bd925465655d9e301,507
- completed:
    hackage: data-default-instances-old-locale-0.0.1@sha256:d4a757f68f0f83531fcb34a4525fe6769c54a45182e28ffdfff19c2b0ace42fb,526
    pantry-tree:
      size: 253
      sha256: 91a62d701bea1432cc0126dd25005a4480e4a5082b2fae5e9d36f96fb8bbffb5
  original:
    hackage: data-default-instances-old-locale-0.0.1@sha256:d4a757f68f0f83531fcb34a4525fe6769c54a45182e28ffdfff19c2b0ace42fb,526
- completed:
    hackage: distributive-0.6.2.1@sha256:0f99f5541cca04acf89b64432b03422b6408e830a8dff30e6c4334ef1a48680c,2996
    pantry-tree:
      size: 735
      sha256: a42bed5fe0ba295643538312dee6c9436314c05a6f7efdd32b4303979f8bd744
  original:
    hackage: distributive-0.6.2.1@sha256:0f99f5541cca04acf89b64432b03422b6408e830a8dff30e6c4334ef1a48680c,2996
- completed:
    hackage: hourglass-0.2.12@sha256:e083f5e030dfebe432e30a9c0fa07a99a54eac992f622442646be561fd7a44e8,3085
    pantry-tree:
      size: 1605
      sha256: 2b452cfac948057203679468e3e856e7fdf884c3c051f42bc52ba6253ca896e0
  original:
    hackage: hourglass-0.2.12@sha256:e083f5e030dfebe432e30a9c0fa07a99a54eac992f622442646be561fd7a44e8,3085
- completed:
    hackage: indexed-traversable-instances-0.1.1@sha256:69ce2476ac8376bc269ca05a7a5973f033d4a7736793dc22a3ec3032da70ceb7,3224
    pantry-tree:
      size: 480
      sha256: 707d8d3c66d153d4671a7c12cacf9928e3d2df93b9d411b6c7462c4073c3c619
  original:
    hackage: indexed-traversable-instances-0.1.1@sha256:69ce2476ac8376bc269ca05a7a5973f033d4a7736793dc22a3ec3032da70ceb7,3224
- completed:
    hackage: pem-0.2.4@sha256:cc8e62118b783e284dc0fa032f54fe386a3861a948ec88079370a433c103a705,1441
    pantry-tree:
      size: 425
      sha256: 2413dd2c97c72d6e00330057b158973faa6336de068a9be4d6fdcfd474485f77
  original:
    hackage: pem-0.2.4@sha256:cc8e62118b783e284dc0fa032f54fe386a3861a948ec88079370a433c103a705,1441
- completed:
    hackage: semigroupoids-5.3.6@sha256:56119f42bc080256100bd6dab6292c144eef430b3430f2ce1581e8e06668d33e,7752
    pantry-tree:
      size: 2404
      sha256: bbdbff3cc65e5cf23a28e2256d282bffdba87b674d38681833e5624cc18ca88b
  original:
    hackage: semigroupoids-5.3.6@sha256:56119f42bc080256100bd6dab6292c144eef430b3430f2ce1581e8e06668d33e,7752
- completed:
    hackage: splitmix-0.1.0.4@sha256:714a55fd28d3e2533bd5b49e74f604ef8e5d7b06f249c8816f6c54aed431dcf1,6483
    pantry-tree:
      size: 1519
      sha256: 79f4645c11b7a3861db0b596297f72804f509444d639a8fd7c0162b1ed80c578
  original:
    hackage: splitmix-0.1.0.4@sha256:714a55fd28d3e2533bd5b49e74f604ef8e5d7b06f249c8816f6c54aed431dcf1,6483
- completed:
    hackage: th-compat-0.1.3@sha256:a16dd922947a6877defe52c4c38d1ab48ed3f85a826930f5d1a568741d619993,2888
    pantry-tree:
      size: 530
      sha256: 5e622d5a4b2a759ab91b6c5fa18418e470c361f34bbab2628e44104829e2ad1c
  original:
    hackage: th-compat-0.1.3@sha256:a16dd922947a6877defe52c4c38d1ab48ed3f85a826930f5d1a568741d619993,2888
- completed:
    hackage: zlib-0.6.2.3@sha256:262a93dbf370be59f4ee57f3b1a51b338bc2c309797daa37c14f2262ae61dae4,5329
    pantry-tree:
      size: 2619
      sha256: 49c4f27077e950e7023ea18c8f5dfd1ca924a680402f8072acf73b8b524cae4f
  original:
    hackage: zlib-0.6.2.3@sha256:262a93dbf370be59f4ee57f3b1a51b338bc2c309797daa37c14f2262ae61dae4,5329
- completed:
    hackage: colour-2.3.6@sha256:ebdcbf15023958838a527e381ab3c3b1e99ed12d1b25efeb7feaa4ad8c37664a,2378
    pantry-tree:
      size: 1183
      sha256: 03f8e22f364deb86098dbfbe0bf83c896437b2355f139abdac0402658fb6ac7e
  original:
    hackage: colour-2.3.6@sha256:ebdcbf15023958838a527e381ab3c3b1e99ed12d1b25efeb7feaa4ad8c37664a,2378
- completed:
    hackage: entropy-0.4.1.7@sha256:56ebebf726696e204e5126d748defdfc8453ff9d0a817b21a704d92e7bad5f18,3008
    pantry-tree:
      size: 743
      sha256: 64d5d16b4326740f711805606fa30c27fbe4705ef7a3e5069c49750b4cf91981
  original:
    hackage: entropy-0.4.1.7@sha256:56ebebf726696e204e5126d748defdfc8453ff9d0a817b21a704d92e7bad5f18,3008
- completed:
    hackage: old-locale-1.0.0.7@sha256:fa998be2c7e00cd26a6e9075bea790caaf3932caa3e9497ad69bc20380dd6911,1071
    pantry-tree:
      size: 263
      sha256: 462ef15cb35164d585aa3860f717c9685fbf05578330490860abd544381d2e24
  original:
    hackage: old-locale-1.0.0.7@sha256:fa998be2c7e00cd26a6e9075bea790caaf3932caa3e9497ad69bc20380dd6911,1071
snapshots: []
